PODS:
  - Flutter (1.0.0)
  - LiveChat (2.0.24)
  - livechatt (1.1.0):
    - Flutter
    - LiveChat (~> 2.0.24)

DEPENDENCIES:
  - Flutter (from `Flutter`)
  - livechatt (from `.symlinks/plugins/livechatt/ios`)

SPEC REPOS:
  trunk:
    - LiveChat

EXTERNAL SOURCES:
  Flutter:
    :path: Flutter
  livechatt:
    :path: ".symlinks/plugins/livechatt/ios"

SPEC CHECKSUMS:
  Flutter: 50d75fe2f02b26cc09d224853bb45737f8b3214a
  LiveChat: 63028afb59c57ae6771d59838b1097def6e560ed
  livechatt: 1069cacc03bb67f5a230fbb11edcebe006f23ac7

PODFILE CHECKSUM: a5adfe7971131cf0589107393691ada35be2b45f

COCOAPODS: 1.11.2
