PODS:
  - Flutter (1.0.0)
  - LiveChat (2.0.24)
  - livechatt (1.1.0):
    - Flutter
    - LiveChat (~> 2.0.24)

DEPENDENCIES:
  - Flutter (from `Flutter`)
  - livechatt (from `.symlinks/plugins/livechatt/ios`)

SPEC REPOS:
  trunk:
    - LiveChat

EXTERNAL SOURCES:
  Flutter:
    :path: Flutter
  livechatt:
    :path: ".symlinks/plugins/livechatt/ios"

SPEC CHECKSUMS:
  Flutter: e0871f40cf51350855a761d2e70bf5af5b9b5de7
  LiveChat: 63028afb59c57ae6771d59838b1097def6e560ed
  livechatt: 1069cacc03bb67f5a230fbb11edcebe006f23ac7

PODFILE CHECKSUM: afcec358f93eab0742ad2f52bde111b8350ed771

COCOAPODS: 1.15.2
